
Microsoft Visual Studio Solution File, Format Version 12.00
# Visual Studio Version 17
VisualStudioVersion = 17.2.32602.215
MinimumVisualStudioVersion = 10.0.40219.1
Project("{2150E333-8FDC-42A3-9474-1A3956D46DE8}") = "VirtualStore.Domain", "VirtualStore.Domain", "{185E6029-3AD4-42F5-85A8-AD62202365CC}"
EndProject
Project("{9A19103F-16F7-4668-BE54-9A1E7A4F7556}") = "VirtualStore.Domain.Customer", "VirtualStore.Domain\Customer\VirtualStore.Domain.Customer.csproj", "{25936323-21E7-4CC6-A2DB-BEB825403AB5}"
EndProject
Project("{2150E333-8FDC-42A3-9474-1A3956D46DE8}") = "VirtualStore.Infra", "VirtualStore.Infra", "{8FB1F5F4-B223-4BA9-8264-E5FCAEB8D990}"
EndProject
Project("{9A19103F-16F7-4668-BE54-9A1E7A4F7556}") = "VirtualStore.Infra.Customer", "VirtualStore.Infra\Customer\VirtualStore.Infra.Customer.csproj", "{467E3926-08E5-4713-8972-D245DC2A8E67}"
EndProject
Project("{2150E333-8FDC-42A3-9474-1A3956D46DE8}") = "VirtualStore.Tests", "VirtualStore.Tests", "{DB674DA6-6ED4-493B-8256-B7478ABA1BBF}"
EndProject
Project("{9A19103F-16F7-4668-BE54-9A1E7A4F7556}") = "VirtualStore.Tests.Customer.", "VirtualStore.Tests\Customer\VirtualStore.Tests.Customer..csproj", "{F459E30E-82FC-453D-BFF8-1BE91A139C33}"
EndProject
Project("{2150E333-8FDC-42A3-9474-1A3956D46DE8}") = "VirtualStore.API", "VirtualStore.API", "{FD103EB9-C97B-4A5E-B74B-5D65C6B69F96}"
EndProject
Project("{9A19103F-16F7-4668-BE54-9A1E7A4F7556}") = "VirtualStore.API.Customer", "VirtualStore.API\Customer\VirtualStore.API.Customer.csproj", "{A198D26A-25D7-4C87-9527-70907BA9CFAC}"
EndProject
Project("{9A19103F-16F7-4668-BE54-9A1E7A4F7556}") = "VirtualStore.Shared", "VirtualStore.Shared\VirtualStore.Shared.csproj", "{E779EA54-4189-4B75-92E4-C4BFBB02D40A}"
EndProject
Project("{2150E333-8FDC-42A3-9474-1A3956D46DE8}") = "VirtualStore.Learn", "VirtualStore.Learn", "{E499EEBC-A784-4283-9ECD-3B0E7BB267A5}"
EndProject
Project("{FAE04EC0-301F-11D3-BF4B-00C04F79EFBC}") = "Acesso_Dados_Com_ADO_NET", "Acesso_Dados_Com_ADO_NET\Acesso_Dados_Com_ADO_NET.csproj", "{1751F72D-AD6F-4B15-BF38-109FCC4563EC}"
EndProject
Global
	GlobalSection(SolutionConfigurationPlatforms) = preSolution
		Debug|Any CPU = Debug|Any CPU
		Release|Any CPU = Release|Any CPU
	EndGlobalSection
	GlobalSection(ProjectConfigurationPlatforms) = postSolution
		{25936323-21E7-4CC6-A2DB-BEB825403AB5}.Debug|Any CPU.ActiveCfg = Debug|Any CPU
		{25936323-21E7-4CC6-A2DB-BEB825403AB5}.Debug|Any CPU.Build.0 = Debug|Any CPU
		{25936323-21E7-4CC6-A2DB-BEB825403AB5}.Release|Any CPU.ActiveCfg = Release|Any CPU
		{25936323-21E7-4CC6-A2DB-BEB825403AB5}.Release|Any CPU.Build.0 = Release|Any CPU
		{467E3926-08E5-4713-8972-D245DC2A8E67}.Debug|Any CPU.ActiveCfg = Debug|Any CPU
		{467E3926-08E5-4713-8972-D245DC2A8E67}.Debug|Any CPU.Build.0 = Debug|Any CPU
		{467E3926-08E5-4713-8972-D245DC2A8E67}.Release|Any CPU.ActiveCfg = Release|Any CPU
		{467E3926-08E5-4713-8972-D245DC2A8E67}.Release|Any CPU.Build.0 = Release|Any CPU
		{F459E30E-82FC-453D-BFF8-1BE91A139C33}.Debug|Any CPU.ActiveCfg = Debug|Any CPU
		{F459E30E-82FC-453D-BFF8-1BE91A139C33}.Debug|Any CPU.Build.0 = Debug|Any CPU
		{F459E30E-82FC-453D-BFF8-1BE91A139C33}.Release|Any CPU.ActiveCfg = Release|Any CPU
		{F459E30E-82FC-453D-BFF8-1BE91A139C33}.Release|Any CPU.Build.0 = Release|Any CPU
		{A198D26A-25D7-4C87-9527-70907BA9CFAC}.Debug|Any CPU.ActiveCfg = Debug|Any CPU
		{A198D26A-25D7-4C87-9527-70907BA9CFAC}.Debug|Any CPU.Build.0 = Debug|Any CPU
		{A198D26A-25D7-4C87-9527-70907BA9CFAC}.Release|Any CPU.ActiveCfg = Release|Any CPU
		{A198D26A-25D7-4C87-9527-70907BA9CFAC}.Release|Any CPU.Build.0 = Release|Any CPU
		{E779EA54-4189-4B75-92E4-C4BFBB02D40A}.Debug|Any CPU.ActiveCfg = Debug|Any CPU
		{E779EA54-4189-4B75-92E4-C4BFBB02D40A}.Debug|Any CPU.Build.0 = Debug|Any CPU
		{E779EA54-4189-4B75-92E4-C4BFBB02D40A}.Release|Any CPU.ActiveCfg = Release|Any CPU
		{E779EA54-4189-4B75-92E4-C4BFBB02D40A}.Release|Any CPU.Build.0 = Release|Any CPU
		{1751F72D-AD6F-4B15-BF38-109FCC4563EC}.Debug|Any CPU.ActiveCfg = Debug|Any CPU
		{1751F72D-AD6F-4B15-BF38-109FCC4563EC}.Debug|Any CPU.Build.0 = Debug|Any CPU
		{1751F72D-AD6F-4B15-BF38-109FCC4563EC}.Release|Any CPU.ActiveCfg = Release|Any CPU
		{1751F72D-AD6F-4B15-BF38-109FCC4563EC}.Release|Any CPU.Build.0 = Release|Any CPU
	EndGlobalSection
	GlobalSection(SolutionProperties) = preSolution
		HideSolutionNode = FALSE
	EndGlobalSection
	GlobalSection(NestedProjects) = preSolution
		{25936323-21E7-4CC6-A2DB-BEB825403AB5} = {185E6029-3AD4-42F5-85A8-AD62202365CC}
		{467E3926-08E5-4713-8972-D245DC2A8E67} = {8FB1F5F4-B223-4BA9-8264-E5FCAEB8D990}
		{F459E30E-82FC-453D-BFF8-1BE91A139C33} = {DB674DA6-6ED4-493B-8256-B7478ABA1BBF}
		{A198D26A-25D7-4C87-9527-70907BA9CFAC} = {FD103EB9-C97B-4A5E-B74B-5D65C6B69F96}
		{1751F72D-AD6F-4B15-BF38-109FCC4563EC} = {E499EEBC-A784-4283-9ECD-3B0E7BB267A5}
	EndGlobalSection
	GlobalSection(ExtensibilityGlobals) = postSolution
		SolutionGuid = {F79E2C63-C7F5-4C6E-B376-B3FE2A1188FC}
	EndGlobalSection
EndGlobal
